# export.lock — sinh phiên 13.4, 2026-09-10.
#
# CACH SINH (ghi that, khong gia vo): khong dung `pip-compile` chay thang
# qua mang cho file nay -- dev.lock/tracking.lock/export.lock deu keo theo
# torch+torchvision+CUDA runtime (~5GB tai moi), vuot quota dia sandbox
# luc sinh. Thay vao do: (1) cai THAT ca 6 nhom cung luc bang
# `pip install -e ".[dev,tracking,serving,export,demo,monitoring]"` de
# pip's resolver tu tim 1 bo version DUY NHAT thoa man ca 6 nhom cung
# luc (bang chung: lenh chay KHONG loi ResolutionImpossible -- lan dau
# ghep cac lock file sinh rieng le o cac thoi diem khac nhau bi xung dot
# version that, vd click 8.1.6 vs 8.5.0, protobuf 6.33.6 vs 7.36.1); (2)
# chay TOAN BO `tests/unit/` that tren environment do -- 130/131 pass (1 loi biet truoc, ngoai pham vi -- xem README muc Gioi han that);
# (3) doc lai transitive dependency closure tu `importlib.metadata` cua
# chinh environment da verify do (BFS qua Requires-Dist that qua
# `importlib.metadata.distribution()` -- CHU Y ban dau dung sai
# `importlib.metadata.distributions()` + dict tu dung, lay nham ban
# click 8.1.6 CU cua he thong (/usr/lib/python3/...) thay vi ban pip moi
# dang active (/usr/local/.../dist-packages) -- da phat hien + sua). Ca 6
# file lock trong thu muc nay CUNG xuat phat tu 1 snapshot moi truong --
# verify cheo (script rieng) xac nhan 0 xung dot version giua ca 81
# package trung ten giua 6 file.
#
# Cai lai: pip install -r requirements/export.lock

annotated-types==0.8.0
cuda-bindings==13.3.1
cuda-pathfinder==1.8.1
cuda-toolkit==13.0.3.0
filelock==3.32.6
flatbuffers==25.12.19
fsspec==2026.7.0
jinja2==3.1.6
markupsafe==3.0.3
ml-dtypes==0.6.0
mpmath==1.3.0
networkx==3.6.1
numpy==2.5.3
nvidia-cublas==13.1.1.3
nvidia-cuda-nvrtc==13.0.88
nvidia-cudnn-cu13==9.24.0.43
nvidia-cusparselt-cu13==0.8.1
nvidia-nccl-cu13==2.30.7
nvidia-nvshmem-cu13==3.4.5
onnx==1.22.0
onnxruntime==1.24.4
packaging==26.3
pillow==12.3.0
protobuf==6.33.6
pydantic==2.13.5
pydantic-core==2.46.5
python-dotenv==1.2.3
pyyaml==6.0.3
setuptools==84.0.0
sympy==1.14.0
torch==2.14.0
torchvision==0.29.0
triton==3.8.0
typing-extensions==4.16.0
typing-inspection==0.4.4
